
Microsoft Visual Studio Solution File, Format Version 12.00
# Visual Studio Version 17
VisualStudioVersion = 17.11.35222.181
MinimumVisualStudioVersion = 10.0.40219.1
Project("{FAE04EC0-301F-11D3-BF4B-00C04F79EFBC}") = "UserControl Sample&Foundation", "WindowsFormsApp2\UserControl Sample&Foundation.csproj", "{7A8D8A7D-CF5F-43F2-B213-11ECE23D43AA}"
EndProject
Global
	GlobalSection(SolutionConfigurationPlatforms) = preSolution
		Debug|Any CPU = Debug|Any CPU
		Release|Any CPU = Release|Any CPU
	EndGlobalSection
	GlobalSection(ProjectConfigurationPlatforms) = postSolution
		{7A8D8A7D-CF5F-43F2-B213-11ECE23D43AA}.Debug|Any CPU.ActiveCfg = Debug|Any CPU
		{7A8D8A7D-CF5F-43F2-B213-11ECE23D43AA}.Debug|Any CPU.Build.0 = Debug|Any CPU
		{7A8D8A7D-CF5F-43F2-B213-11ECE23D43AA}.Release|Any CPU.ActiveCfg = Release|Any CPU
		{7A8D8A7D-CF5F-43F2-B213-11ECE23D43AA}.Release|Any CPU.Build.0 = Release|Any CPU
	EndGlobalSection
	GlobalSection(SolutionProperties) = preSolution
		HideSolutionNode = FALSE
	EndGlobalSection
	GlobalSection(ExtensibilityGlobals) = postSolution
		SolutionGuid = {60313605-4E85-46B9-A81C-77C4C37131BD}
	EndGlobalSection
EndGlobal
