
Microsoft Visual Studio Solution File, Format Version 12.00
# Visual Studio Version 17
VisualStudioVersion = 17.11.35222.181
MinimumVisualStudioVersion = 10.0.40219.1
Project("{FAE04EC0-301F-11D3-BF4B-00C04F79EFBC}") = "QR Code Scanner", "QR Code Scanner\QR Code Scanner.csproj", "{7CF7CFAA-F45A-41A6-9752-ABEC118C3A2F}"
EndProject
Global
	GlobalSection(SolutionConfigurationPlatforms) = preSolution
		Debug|Any CPU = Debug|Any CPU
		Release|Any CPU = Release|Any CPU
	EndGlobalSection
	GlobalSection(ProjectConfigurationPlatforms) = postSolution
		{7CF7CFAA-F45A-41A6-9752-ABEC118C3A2F}.Debug|Any CPU.ActiveCfg = Debug|Any CPU
		{7CF7CFAA-F45A-41A6-9752-ABEC118C3A2F}.Debug|Any CPU.Build.0 = Debug|Any CPU
		{7CF7CFAA-F45A-41A6-9752-ABEC118C3A2F}.Release|Any CPU.ActiveCfg = Release|Any CPU
		{7CF7CFAA-F45A-41A6-9752-ABEC118C3A2F}.Release|Any CPU.Build.0 = Release|Any CPU
	EndGlobalSection
	GlobalSection(SolutionProperties) = preSolution
		HideSolutionNode = FALSE
	EndGlobalSection
	GlobalSection(ExtensibilityGlobals) = postSolution
		SolutionGuid = {7444678A-24D3-4597-82AC-BFFC43438E23}
	EndGlobalSection
EndGlobal
